
Microsoft Visual Studio Solution File, Format Version 12.00
# Visual Studio 2013
VisualStudioVersion = 12.0.31101.0
MinimumVisualStudioVersion = 10.0.40219.1
Project("{8BC9CEB8-8B4A-11D0-8D11-00A0C91BC942}") = "core", "core\core.vcxproj", "{E2E27BFD-4837-4265-8F0F-F1A39CA7BCB2}"
EndProject
Project("{2150E333-8FDC-42A3-9474-1A3956D46DE8}") = "tests", "tests", "{ECCD9906-8B0C-445E-A7D7-935253EF1037}"
EndProject
Project("{8BC9CEB8-8B4A-11D0-8D11-00A0C91BC942}") = "test_spawn_cmd", "tests\test_spawn_cmd\test_spawn_cmd.vcxproj", "{6B32BDA9-CF0E-4D79-8DE9-EA8C05E40C8D}"
	ProjectSection(ProjectDependencies) = postProject
		{E2E27BFD-4837-4265-8F0F-F1A39CA7BCB2} = {E2E27BFD-4837-4265-8F0F-F1A39CA7BCB2}
	EndProjectSection
EndProject
Project("{8BC9CEB8-8B4A-11D0-8D11-00A0C91BC942}") = "payload_aplusb", "tests\payload_aplusb\payload_aplusb.vcxproj", "{09339149-1D4A-4186-A6F2-972B6B72C33B}"
EndProject
Project("{8BC9CEB8-8B4A-11D0-8D11-00A0C91BC942}") = "test_std_handles", "tests\test_std_handles\test_std_handles.vcxproj", "{4EF4D16D-576B-48CE-9846-76C003D555AE}"
	ProjectSection(ProjectDependencies) = postProject
		{09339149-1D4A-4186-A6F2-972B6B72C33B} = {09339149-1D4A-4186-A6F2-972B6B72C33B}
		{E2E27BFD-4837-4265-8F0F-F1A39CA7BCB2} = {E2E27BFD-4837-4265-8F0F-F1A39CA7BCB2}
	EndProjectSection
EndProject
Project("{8BC9CEB8-8B4A-11D0-8D11-00A0C91BC942}") = "payload_isort", "tests\payload_isort\payload_isort.vcxproj", "{F5CD1506-7046-4DDB-9487-5578A70ADA0C}"
EndProject
Project("{8BC9CEB8-8B4A-11D0-8D11-00A0C91BC942}") = "payload_exception", "tests\payload_exception\payload_exception.vcxproj", "{06A225DE-307D-4FC8-9F8A-CE49462D234E}"
EndProject
Project("{8BC9CEB8-8B4A-11D0-8D11-00A0C91BC942}") = "test_exception", "tests\test_exception\test_exception.vcxproj", "{CB32B455-6D38-4F6A-BAE7-1661E231B06E}"
	ProjectSection(ProjectDependencies) = postProject
		{06A225DE-307D-4FC8-9F8A-CE49462D234E} = {06A225DE-307D-4FC8-9F8A-CE49462D234E}
		{E2E27BFD-4837-4265-8F0F-F1A39CA7BCB2} = {E2E27BFD-4837-4265-8F0F-F1A39CA7BCB2}
	EndProjectSection
EndProject
Project("{8BC9CEB8-8B4A-11D0-8D11-00A0C91BC942}") = "payload_accesstest", "tests\payload_accesstest\payload_accesstest.vcxproj", "{E4DE5ED7-67C7-419D-8EE3-95F667309B4E}"
EndProject
Project("{8BC9CEB8-8B4A-11D0-8D11-00A0C91BC942}") = "payload_staticalloc", "tests\payload_staticalloc\payload_staticalloc.vcxproj", "{872CBDDD-E803-405E-B973-E0EC93048E0E}"
EndProject
Project("{8BC9CEB8-8B4A-11D0-8D11-00A0C91BC942}") = "test_limits", "tests\test_limits\test_limits.vcxproj", "{37037279-84C7-4540-B383-CF8B1B403429}"
	ProjectSection(ProjectDependencies) = postProject
		{872CBDDD-E803-405E-B973-E0EC93048E0E} = {872CBDDD-E803-405E-B973-E0EC93048E0E}
		{E2E27BFD-4837-4265-8F0F-F1A39CA7BCB2} = {E2E27BFD-4837-4265-8F0F-F1A39CA7BCB2}
	EndProjectSection
EndProject
Project("{2150E333-8FDC-42A3-9474-1A3956D46DE8}") = "bindings", "bindings", "{0F325599-51C8-46EE-8AE4-D303458D99EE}"
EndProject
Project("{8BC9CEB8-8B4A-11D0-8D11-00A0C91BC942}") = "binding_python", "bindings\binding_python\binding_python.vcxproj", "{497E4D3F-EBDB-476F-B03F-C9C5EE9DE141}"
	ProjectSection(ProjectDependencies) = postProject
		{E2E27BFD-4837-4265-8F0F-F1A39CA7BCB2} = {E2E27BFD-4837-4265-8F0F-F1A39CA7BCB2}
	EndProjectSection
EndProject
Global
	GlobalSection(SolutionConfigurationPlatforms) = preSolution
		Debug|Win32 = Debug|Win32
		Release|Win32 = Release|Win32
	EndGlobalSection
	GlobalSection(ProjectConfigurationPlatforms) = postSolution
		{E2E27BFD-4837-4265-8F0F-F1A39CA7BCB2}.Debug|Win32.ActiveCfg = Debug|Win32
		{E2E27BFD-4837-4265-8F0F-F1A39CA7BCB2}.Debug|Win32.Build.0 = Debug|Win32
		{E2E27BFD-4837-4265-8F0F-F1A39CA7BCB2}.Release|Win32.ActiveCfg = Release|Win32
		{E2E27BFD-4837-4265-8F0F-F1A39CA7BCB2}.Release|Win32.Build.0 = Release|Win32
		{6B32BDA9-CF0E-4D79-8DE9-EA8C05E40C8D}.Debug|Win32.ActiveCfg = Debug|Win32
		{6B32BDA9-CF0E-4D79-8DE9-EA8C05E40C8D}.Debug|Win32.Build.0 = Debug|Win32
		{6B32BDA9-CF0E-4D79-8DE9-EA8C05E40C8D}.Release|Win32.ActiveCfg = Release|Win32
		{6B32BDA9-CF0E-4D79-8DE9-EA8C05E40C8D}.Release|Win32.Build.0 = Release|Win32
		{09339149-1D4A-4186-A6F2-972B6B72C33B}.Debug|Win32.ActiveCfg = Debug|Win32
		{09339149-1D4A-4186-A6F2-972B6B72C33B}.Debug|Win32.Build.0 = Debug|Win32
		{09339149-1D4A-4186-A6F2-972B6B72C33B}.Release|Win32.ActiveCfg = Release|Win32
		{09339149-1D4A-4186-A6F2-972B6B72C33B}.Release|Win32.Build.0 = Release|Win32
		{4EF4D16D-576B-48CE-9846-76C003D555AE}.Debug|Win32.ActiveCfg = Debug|Win32
		{4EF4D16D-576B-48CE-9846-76C003D555AE}.Debug|Win32.Build.0 = Debug|Win32
		{4EF4D16D-576B-48CE-9846-76C003D555AE}.Release|Win32.ActiveCfg = Release|Win32
		{4EF4D16D-576B-48CE-9846-76C003D555AE}.Release|Win32.Build.0 = Release|Win32
		{F5CD1506-7046-4DDB-9487-5578A70ADA0C}.Debug|Win32.ActiveCfg = Debug|Win32
		{F5CD1506-7046-4DDB-9487-5578A70ADA0C}.Debug|Win32.Build.0 = Debug|Win32
		{F5CD1506-7046-4DDB-9487-5578A70ADA0C}.Release|Win32.ActiveCfg = Release|Win32
		{F5CD1506-7046-4DDB-9487-5578A70ADA0C}.Release|Win32.Build.0 = Release|Win32
		{06A225DE-307D-4FC8-9F8A-CE49462D234E}.Debug|Win32.ActiveCfg = Debug|Win32
		{06A225DE-307D-4FC8-9F8A-CE49462D234E}.Debug|Win32.Build.0 = Debug|Win32
		{06A225DE-307D-4FC8-9F8A-CE49462D234E}.Release|Win32.ActiveCfg = Release|Win32
		{06A225DE-307D-4FC8-9F8A-CE49462D234E}.Release|Win32.Build.0 = Release|Win32
		{CB32B455-6D38-4F6A-BAE7-1661E231B06E}.Debug|Win32.ActiveCfg = Debug|Win32
		{CB32B455-6D38-4F6A-BAE7-1661E231B06E}.Debug|Win32.Build.0 = Debug|Win32
		{CB32B455-6D38-4F6A-BAE7-1661E231B06E}.Release|Win32.ActiveCfg = Release|Win32
		{CB32B455-6D38-4F6A-BAE7-1661E231B06E}.Release|Win32.Build.0 = Release|Win32
		{E4DE5ED7-67C7-419D-8EE3-95F667309B4E}.Debug|Win32.ActiveCfg = Debug|Win32
		{E4DE5ED7-67C7-419D-8EE3-95F667309B4E}.Debug|Win32.Build.0 = Debug|Win32
		{E4DE5ED7-67C7-419D-8EE3-95F667309B4E}.Release|Win32.ActiveCfg = Release|Win32
		{E4DE5ED7-67C7-419D-8EE3-95F667309B4E}.Release|Win32.Build.0 = Release|Win32
		{872CBDDD-E803-405E-B973-E0EC93048E0E}.Debug|Win32.ActiveCfg = Debug|Win32
		{872CBDDD-E803-405E-B973-E0EC93048E0E}.Debug|Win32.Build.0 = Debug|Win32
		{872CBDDD-E803-405E-B973-E0EC93048E0E}.Release|Win32.ActiveCfg = Release|Win32
		{872CBDDD-E803-405E-B973-E0EC93048E0E}.Release|Win32.Build.0 = Release|Win32
		{37037279-84C7-4540-B383-CF8B1B403429}.Debug|Win32.ActiveCfg = Debug|Win32
		{37037279-84C7-4540-B383-CF8B1B403429}.Debug|Win32.Build.0 = Debug|Win32
		{37037279-84C7-4540-B383-CF8B1B403429}.Release|Win32.ActiveCfg = Release|Win32
		{37037279-84C7-4540-B383-CF8B1B403429}.Release|Win32.Build.0 = Release|Win32
		{497E4D3F-EBDB-476F-B03F-C9C5EE9DE141}.Debug|Win32.ActiveCfg = Debug|Win32
		{497E4D3F-EBDB-476F-B03F-C9C5EE9DE141}.Debug|Win32.Build.0 = Debug|Win32
		{497E4D3F-EBDB-476F-B03F-C9C5EE9DE141}.Release|Win32.ActiveCfg = Release|Win32
		{497E4D3F-EBDB-476F-B03F-C9C5EE9DE141}.Release|Win32.Build.0 = Release|Win32
	EndGlobalSection
	GlobalSection(SolutionProperties) = preSolution
		HideSolutionNode = FALSE
	EndGlobalSection
	GlobalSection(NestedProjects) = preSolution
		{6B32BDA9-CF0E-4D79-8DE9-EA8C05E40C8D} = {ECCD9906-8B0C-445E-A7D7-935253EF1037}
		{09339149-1D4A-4186-A6F2-972B6B72C33B} = {ECCD9906-8B0C-445E-A7D7-935253EF1037}
		{4EF4D16D-576B-48CE-9846-76C003D555AE} = {ECCD9906-8B0C-445E-A7D7-935253EF1037}
		{F5CD1506-7046-4DDB-9487-5578A70ADA0C} = {ECCD9906-8B0C-445E-A7D7-935253EF1037}
		{06A225DE-307D-4FC8-9F8A-CE49462D234E} = {ECCD9906-8B0C-445E-A7D7-935253EF1037}
		{CB32B455-6D38-4F6A-BAE7-1661E231B06E} = {ECCD9906-8B0C-445E-A7D7-935253EF1037}
		{E4DE5ED7-67C7-419D-8EE3-95F667309B4E} = {ECCD9906-8B0C-445E-A7D7-935253EF1037}
		{872CBDDD-E803-405E-B973-E0EC93048E0E} = {ECCD9906-8B0C-445E-A7D7-935253EF1037}
		{37037279-84C7-4540-B383-CF8B1B403429} = {ECCD9906-8B0C-445E-A7D7-935253EF1037}
		{497E4D3F-EBDB-476F-B03F-C9C5EE9DE141} = {0F325599-51C8-46EE-8AE4-D303458D99EE}
	EndGlobalSection
EndGlobal
